dependencies:
- name: kafka
  repository: https://charts.bitnami.com/bitnami
  version: 20.0.2
- name: argo-workflows
  repository: https://argoproj.github.io/argo-helm
  version: 0.22.4
- name: elasticsearch
  repository: https://helm.elastic.co
  version: 7.17.3
- name: kibana
  repository: https://helm.elastic.co
  version: 7.17.3
digest: sha256:2f44e15511fcccfc2769baeab4a60f17560c9d616d1d5891ef9507de064cb98a
generated: "2023-01-13T17:21:57.526922+08:00"
