dependencies:
- name: kafka
  repository: https://charts.bitnami.com/bitnami
  version: 20.0.2
- name: argo-workflows
  repository: https://argoproj.github.io/argo-helm
  version: 0.27.0
- name: elasticsearch
  repository: https://helm.elastic.co
  version: 7.17.3
- name: kibana
  repository: https://helm.elastic.co
  version: 7.17.3
digest: sha256:80d403586fef0030d155834d94f4b5d1c1efb59aa8be48b8c2f1e6fa754e25b4
generated: "2023-05-18T15:13:08.234074+08:00"
